// !$*UTF8*$!
{
	archiveVersion = 1;
	classes = {
	};
	objectVersion = 46;
	objects = {

/* Begin PBXBuildFile section */
		F51927D41964CE35004D1D5F /* bricks.png in Resources */ = {isa = PBXBuildFile; fileRef = F51927D31964CE35004D1D5F /* bricks.png */; };
		F51927D61964D388004D1D5F /* music.png in Resources */ = {isa = PBXBuildFile; fileRef = F51927D51964D388004D1D5F /* music.png */; };
		F51927D81964D8F1004D1D5F /* no-music.png in Resources */ = {isa = PBXBuildFile; fileRef = F51927D71964D8F1004D1D5F /* no-music.png */; };
		F51927DB1965084B004D1D5F /* bricks1.png in Resources */ = {isa = PBXBuildFile; fileRef = F51927D91965084B004D1D5F /* bricks1.png */; };
		F51927DC1965084B004D1D5F /* bricks2.png in Resources */ = {isa = PBXBuildFile; fileRef = F51927DA1965084B004D1D5F /* bricks2.png */; };
		F5354E9A194EC1B20049F406 /* blur1.png in Resources */ = {isa = PBXBuildFile; fileRef = F5354E99194EC1B20049F406 /* blur1.png */; };
		F5354EA7194FE3510049F406 /* UIImage+ImageEffects.m in Sources */ = {isa = PBXBuildFile; fileRef = F5354EA6194FE3510049F406 /* UIImage+ImageEffects.m */; };
		F5354EAA194FE4CD0049F406 /* Accelerate.framework in Frameworks */ = {isa = PBXBuildFile; fileRef = F5354EA9194FE4CD0049F406 /* Accelerate.framework */; };
		F5354EAC195011C60049F406 /* heart.png in Resources */ = {isa = PBXBuildFile; fileRef = F5354EAB195011C60049F406 /* heart.png */; };
		F53CCA6D194D2F3B00A9AB63 /* Foundation.framework in Frameworks */ = {isa = PBXBuildFile; fileRef = F53CCA6C194D2F3B00A9AB63 /* Foundation.framework */; };
		F53CCA6F194D2F3B00A9AB63 /* CoreGraphics.framework in Frameworks */ = {isa = PBXBuildFile; fileRef = F53CCA6E194D2F3B00A9AB63 /* CoreGraphics.framework */; };
		F53CCA71194D2F3B00A9AB63 /* UIKit.framework in Frameworks */ = {isa = PBXBuildFile; fileRef = F53CCA70194D2F3B00A9AB63 /* UIKit.framework */; };
		F53CCA73194D2F3B00A9AB63 /* SpriteKit.framework in Frameworks */ = {isa = PBXBuildFile; fileRef = F53CCA72194D2F3B00A9AB63 /* SpriteKit.framework */; };
		F53CCA79194D2F3B00A9AB63 /* InfoPlist.strings in Resources */ = {isa = PBXBuildFile; fileRef = F53CCA77194D2F3B00A9AB63 /* InfoPlist.strings */; };
		F53CCA7B194D2F3B00A9AB63 /* main.m in Sources */ = {isa = PBXBuildFile; fileRef = F53CCA7A194D2F3B00A9AB63 /* main.m */; };
		F53CCA7F194D2F3B00A9AB63 /* AppDelegate.m in Sources */ = {isa = PBXBuildFile; fileRef = F53CCA7E194D2F3B00A9AB63 /* AppDelegate.m */; };
		F53CCA82194D2F3B00A9AB63 /* Main_iPhone.storyboard in Resources */ = {isa = PBXBuildFile; fileRef = F53CCA80194D2F3B00A9AB63 /* Main_iPhone.storyboard */; };
		F53CCA85194D2F3B00A9AB63 /* Main_iPad.storyboard in Resources */ = {isa = PBXBuildFile; fileRef = F53CCA83194D2F3B00A9AB63 /* Main_iPad.storyboard */; };
		F53CCA88194D2F3B00A9AB63 /* ViewController.m in Sources */ = {isa = PBXBuildFile; fileRef = F53CCA87194D2F3B00A9AB63 /* ViewController.m */; };
		F53CCA8B194D2F3B00A9AB63 /* MyScene.m in Sources */ = {isa = PBXBuildFile; fileRef = F53CCA8A194D2F3B00A9AB63 /* MyScene.m */; };
		F53CCA8F194D2F3B00A9AB63 /* Images.xcassets in Resources */ = {isa = PBXBuildFile; fileRef = F53CCA8E194D2F3B00A9AB63 /* Images.xcassets */; };
		F53CCA96194D2F3B00A9AB63 /* XCTest.framework in Frameworks */ = {isa = PBXBuildFile; fileRef = F53CCA95194D2F3B00A9AB63 /* XCTest.framework */; };
		F53CCA97194D2F3B00A9AB63 /* Foundation.framework in Frameworks */ = {isa = PBXBuildFile; fileRef = F53CCA6C194D2F3B00A9AB63 /* Foundation.framework */; };
		F53CCA98194D2F3B00A9AB63 /* UIKit.framework in Frameworks */ = {isa = PBXBuildFile; fileRef = F53CCA70194D2F3B00A9AB63 /* UIKit.framework */; };
		F53CCAA0194D2F3B00A9AB63 /* InfoPlist.strings in Resources */ = {isa = PBXBuildFile; fileRef = F53CCA9E194D2F3B00A9AB63 /* InfoPlist.strings */; };
		F53CCAA2194D2F3B00A9AB63 /* HoverBirdTests.m in Sources */ = {isa = PBXBuildFile; fileRef = F53CCAA1194D2F3B00A9AB63 /* HoverBirdTests.m */; };
		F53CCAAD194D306D00A9AB63 /* Bird1.png in Resources */ = {isa = PBXBuildFile; fileRef = F53CCAAB194D306D00A9AB63 /* Bird1.png */; };
		F53CCAAE194D306D00A9AB63 /* Bird2.png in Resources */ = {isa = PBXBuildFile; fileRef = F53CCAAC194D306D00A9AB63 /* Bird2.png */; };
		F53CCAB3194D33AB00A9AB63 /* Ground.png in Resources */ = {isa = PBXBuildFile; fileRef = F53CCAAF194D33AB00A9AB63 /* Ground.png */; };
		F53CCAB4194D33AB00A9AB63 /* Pipe1.png in Resources */ = {isa = PBXBuildFile; fileRef = F53CCAB0194D33AB00A9AB63 /* Pipe1.png */; };
		F53CCAB5194D33AB00A9AB63 /* Pipe2.png in Resources */ = {isa = PBXBuildFile; fileRef = F53CCAB1194D33AB00A9AB63 /* Pipe2.png */; };
		F53CCAB6194D33AB00A9AB63 /* Skyline.png in Resources */ = {isa = PBXBuildFile; fileRef = F53CCAB2194D33AB00A9AB63 /* Skyline.png */; };
		F53CCAB8194E544D00A9AB63 /* opencv2.framework in Frameworks */ = {isa = PBXBuildFile; fileRef = F53CCAB7194E544D00A9AB63 /* opencv2.framework */; };
		F53CCABA194E56C700A9AB63 /* AVFoundation.framework in Frameworks */ = {isa = PBXBuildFile; fileRef = F53CCAB9194E56C700A9AB63 /* AVFoundation.framework */; };
		F53CCABE194E601A00A9AB63 /* CoreVideo.framework in Frameworks */ = {isa = PBXBuildFile; fileRef = F53CCABD194E601A00A9AB63 /* CoreVideo.framework */; };
		F53CCAC0194E602100A9AB63 /* CoreMedia.framework in Frameworks */ = {isa = PBXBuildFile; fileRef = F53CCABF194E602100A9AB63 /* CoreMedia.framework */; };
		F53CCAC3194E604D00A9AB63 /* AddressBook.framework in Frameworks */ = {isa = PBXBuildFile; fileRef = F53CCAC1194E604D00A9AB63 /* AddressBook.framework */; };
		F53CCAC4194E604D00A9AB63 /* AddressBookUI.framework in Frameworks */ = {isa = PBXBuildFile; fileRef = F53CCAC2194E604D00A9AB63 /* AddressBookUI.framework */; };
		F53CCAC6194E606500A9AB63 /* CoreImage.framework in Frameworks */ = {isa = PBXBuildFile; fileRef = F53CCAC5194E606500A9AB63 /* CoreImage.framework */; };
		F53CCAC8194E607700A9AB63 /* SystemConfiguration.framework in Frameworks */ = {isa = PBXBuildFile; fileRef = F53CCAC7194E607700A9AB63 /* SystemConfiguration.framework */; };
		F53CCACA194E609000A9AB63 /* Security.framework in Frameworks */ = {isa = PBXBuildFile; fileRef = F53CCAC9194E609000A9AB63 /* Security.framework */; };
		F53CCACC194E60AD00A9AB63 /* MessageUI.framework in Frameworks */ = {isa = PBXBuildFile; fileRef = F53CCACB194E60AD00A9AB63 /* MessageUI.framework */; };
		F53CCACE194E60EE00A9AB63 /* AssetsLibrary.framework in Frameworks */ = {isa = PBXBuildFile; fileRef = F53CCACD194E60EE00A9AB63 /* AssetsLibrary.framework */; };
		F53CCAD0194E611400A9AB63 /* QuartzCore.framework in Frameworks */ = {isa = PBXBuildFile; fileRef = F53CCACF194E611400A9AB63 /* QuartzCore.framework */; };
		F555DDD4195F9E2A00E0841A /* game_over.wav in Resources */ = {isa = PBXBuildFile; fileRef = F555DDD3195F9E2A00E0841A /* game_over.wav */; };
		F555DDD619609D8F00E0841A /* Loopy_trimmed.m4a in Resources */ = {isa = PBXBuildFile; fileRef = F555DDD519609D8F00E0841A /* Loopy_trimmed.m4a */; };
		F555DDE81960FCD100E0841A /* a1.png in Resources */ = {isa = PBXBuildFile; fileRef = F555DDE01960FCD100E0841A /* a1.png */; };
		F555DDE91960FCD100E0841A /* a2.png in Resources */ = {isa = PBXBuildFile; fileRef = F555DDE11960FCD100E0841A /* a2.png */; };
		F555DDEA1960FCD100E0841A /* a3.png in Resources */ = {isa = PBXBuildFile; fileRef = F555DDE21960FCD100E0841A /* a3.png */; };
		F555DDEB1960FCD100E0841A /* a4.png in Resources */ = {isa = PBXBuildFile; fileRef = F555DDE31960FCD100E0841A /* a4.png */; };
		F555DDEC1960FCD100E0841A /* a5.png in Resources */ = {isa = PBXBuildFile; fileRef = F555DDE41960FCD100E0841A /* a5.png */; };
		F555DDED1960FCD100E0841A /* a6.png in Resources */ = {isa = PBXBuildFile; fileRef = F555DDE51960FCD100E0841A /* a6.png */; };
		F555DDEE1960FCD100E0841A /* a7.png in Resources */ = {isa = PBXBuildFile; fileRef = F555DDE61960FCD100E0841A /* a7.png */; };
		F555DDEF1960FCD100E0841A /* a8.png in Resources */ = {isa = PBXBuildFile; fileRef = F555DDE71960FCD100E0841A /* a8.png */; };
		F555DDF9196103C400E0841A /* d1.png in Resources */ = {isa = PBXBuildFile; fileRef = F555DDF1196103C400E0841A /* d1.png */; };
		F555DDFA196103C400E0841A /* d2.png in Resources */ = {isa = PBXBuildFile; fileRef = F555DDF2196103C400E0841A /* d2.png */; };
		F555DDFB196103C400E0841A /* d3.png in Resources */ = {isa = PBXBuildFile; fileRef = F555DDF3196103C400E0841A /* d3.png */; };
		F555DDFC196103C400E0841A /* d4.png in Resources */ = {isa = PBXBuildFile; fileRef = F555DDF4196103C400E0841A /* d4.png */; };
		F555DDFD196103C400E0841A /* d5.png in Resources */ = {isa = PBXBuildFile; fileRef = F555DDF5196103C400E0841A /* d5.png */; };
		F555DDFE196103C400E0841A /* d6.png in Resources */ = {isa = PBXBuildFile; fileRef = F555DDF6196103C400E0841A /* d6.png */; };
		F555DDFF196103C400E0841A /* d7.png in Resources */ = {isa = PBXBuildFile; fileRef = F555DDF7196103C400E0841A /* d7.png */; };
		F555DE00196103C400E0841A /* d8.png in Resources */ = {isa = PBXBuildFile; fileRef = F555DDF8196103C400E0841A /* d8.png */; };
		F555DE0A19610BF300E0841A /* g1.png in Resources */ = {isa = PBXBuildFile; fileRef = F555DE0219610BF300E0841A /* g1.png */; };
		F555DE0B19610BF300E0841A /* g2.png in Resources */ = {isa = PBXBuildFile; fileRef = F555DE0319610BF300E0841A /* g2.png */; };
		F555DE0C19610BF300E0841A /* g3.png in Resources */ = {isa = PBXBuildFile; fileRef = F555DE0419610BF300E0841A /* g3.png */; };
		F555DE0D19610BF300E0841A /* g4.png in Resources */ = {isa = PBXBuildFile; fileRef = F555DE0519610BF300E0841A /* g4.png */; };
		F555DE0E19610BF300E0841A /* g5.png in Resources */ = {isa = PBXBuildFile; fileRef = F555DE0619610BF300E0841A /* g5.png */; };
		F555DE0F19610BF300E0841A /* g6.png in Resources */ = {isa = PBXBuildFile; fileRef = F555DE0719610BF300E0841A /* g6.png */; };
		F555DE1019610BF300E0841A /* g7.png in Resources */ = {isa = PBXBuildFile; fileRef = F555DE0819610BF300E0841A /* g7.png */; };
		F555DE1119610BF300E0841A /* g8.png in Resources */ = {isa = PBXBuildFile; fileRef = F555DE0919610BF300E0841A /* g8.png */; };
		F555DE18196134DE00E0841A /* s1.png in Resources */ = {isa = PBXBuildFile; fileRef = F555DE13196134DE00E0841A /* s1.png */; };
		F555DE19196134DE00E0841A /* s2.png in Resources */ = {isa = PBXBuildFile; fileRef = F555DE14196134DE00E0841A /* s2.png */; };
		F555DE1A196134DE00E0841A /* s3.png in Resources */ = {isa = PBXBuildFile; fileRef = F555DE15196134DE00E0841A /* s3.png */; };
		F555DE1B196134DE00E0841A /* s4.png in Resources */ = {isa = PBXBuildFile; fileRef = F555DE16196134DE00E0841A /* s4.png */; };
		F555DE1C196134DE00E0841A /* s5.png in Resources */ = {isa = PBXBuildFile; fileRef = F555DE17196134DE00E0841A /* s5.png */; };
		F555DE1F1962591300E0841A /* startButton.png in Resources */ = {isa = PBXBuildFile; fileRef = F555DE1E1962591300E0841A /* startButton.png */; };
		F555DE231962742E00E0841A /* organ.wav in Resources */ = {isa = PBXBuildFile; fileRef = F555DE221962742E00E0841A /* organ.wav */; };
		F555DE251962756800E0841A /* restartButton.png in Resources */ = {isa = PBXBuildFile; fileRef = F555DE241962756800E0841A /* restartButton.png */; };
		F555DE2919627D6900E0841A /* Skyline_red.png in Resources */ = {isa = PBXBuildFile; fileRef = F555DE2819627D6900E0841A /* Skyline_red.png */; };
		F555DE2B19627EBE00E0841A /* grass.png in Resources */ = {isa = PBXBuildFile; fileRef = F555DE2A19627EBE00E0841A /* grass.png */; };
		F555DE2D1962802B00E0841A /* grass5.png in Resources */ = {isa = PBXBuildFile; fileRef = F555DE2C1962802B00E0841A /* grass5.png */; };
		F555DE2F1962806D00E0841A /* grass2.png in Resources */ = {isa = PBXBuildFile; fileRef = F555DE2E1962806D00E0841A /* grass2.png */; };
		F555DE31196282CE00E0841A /* Ground1.png in Resources */ = {isa = PBXBuildFile; fileRef = F555DE30196282CE00E0841A /* Ground1.png */; };
		F555DE33196283E900E0841A /* ground3.png in Resources */ = {isa = PBXBuildFile; fileRef = F555DE32196283E900E0841A /* ground3.png */; };
		F555DE351962852900E0841A /* grass4.png in Resources */ = {isa = PBXBuildFile; fileRef = F555DE341962852900E0841A /* grass4.png */; };
		F555DE371962899E00E0841A /* ground_flower.png in Resources */ = {isa = PBXBuildFile; fileRef = F555DE361962899E00E0841A /* ground_flower.png */; };
		F574E6D6197CE81E004644D6 /* Shark9-01.png in Resources */ = {isa = PBXBuildFile; fileRef = F574E6D5197CE81E004644D6 /* Shark9-01.png */; };
		F574E6DB197CE892004644D6 /* Ocean1_BG.png in Resources */ = {isa = PBXBuildFile; fileRef = F574E6D8197CE892004644D6 /* Ocean1_BG.png */; };
		F574E6DC197CE892004644D6 /* Ocean1_FG.png in Resources */ = {isa = PBXBuildFile; fileRef = F574E6D9197CE892004644D6 /* Ocean1_FG.png */; };
		F574E6DD197CE892004644D6 /* Ocean2.png in Resources */ = {isa = PBXBuildFile; fileRef = F574E6DA197CE892004644D6 /* Ocean2.png */; };
		F574E6E0197CF505004644D6 /* Chain.png in Resources */ = {isa = PBXBuildFile; fileRef = F574E6DF197CF505004644D6 /* Chain.png */; };
		F574E6E3197CF819004644D6 /* goldMine.png in Resources */ = {isa = PBXBuildFile; fileRef = F574E6E2197CF819004644D6 /* goldMine.png */; };
		F574E6E5197DEF72004644D6 /* DeadShark.png in Resources */ = {isa = PBXBuildFile; fileRef = F574E6E4197DEF72004644D6 /* DeadShark.png */; };
		F574E6E9197DF7F1004644D6 /* SmallFishGreen.png in Resources */ = {isa = PBXBuildFile; fileRef = F574E6E6197DF7F1004644D6 /* SmallFishGreen.png */; };
		F574E6EA197DF7F1004644D6 /* SmallFishRed.png in Resources */ = {isa = PBXBuildFile; fileRef = F574E6E7197DF7F1004644D6 /* SmallFishRed.png */; };
		F574E6EB197DF7F1004644D6 /* SmallFishYellow.png in Resources */ = {isa = PBXBuildFile; fileRef = F574E6E8197DF7F1004644D6 /* SmallFishYellow.png */; };
		F574E6EE197E24F8004644D6 /* Torpedo.png in Resources */ = {isa = PBXBuildFile; fileRef = F574E6ED197E24F8004644D6 /* Torpedo.png */; };
		F574E6F2197E2B65004644D6 /* MediumFishBrown.png in Resources */ = {isa = PBXBuildFile; fileRef = F574E6EF197E2B65004644D6 /* MediumFishBrown.png */; };
		F574E6F3197E2B65004644D6 /* MediumFishGreen.png in Resources */ = {isa = PBXBuildFile; fileRef = F574E6F0197E2B65004644D6 /* MediumFishGreen.png */; };
		F574E6F4197E2B65004644D6 /* MediumFishPurple.png in Resources */ = {isa = PBXBuildFile; fileRef = F574E6F1197E2B65004644D6 /* MediumFishPurple.png */; };
		F575ED0B197CE15E006BE357 /* Shark1-01.png in Resources */ = {isa = PBXBuildFile; fileRef = F575ED03197CE15E006BE357 /* Shark1-01.png */; };
		F575ED0C197CE15E006BE357 /* Shark2-01.png in Resources */ = {isa = PBXBuildFile; fileRef = F575ED04197CE15E006BE357 /* Shark2-01.png */; };
		F575ED0D197CE15E006BE357 /* Shark3-01.png in Resources */ = {isa = PBXBuildFile; fileRef = F575ED05197CE15E006BE357 /* Shark3-01.png */; };
		F575ED0E197CE15E006BE357 /* Shark4-01.png in Resources */ = {isa = PBXBuildFile; fileRef = F575ED06197CE15E006BE357 /* Shark4-01.png */; };
		F575ED0F197CE15E006BE357 /* Shark5-01.png in Resources */ = {isa = PBXBuildFile; fileRef = F575ED07197CE15E006BE357 /* Shark5-01.png */; };
		F575ED10197CE15E006BE357 /* Shark6-01.png in Resources */ = {isa = PBXBuildFile; fileRef = F575ED08197CE15E006BE357 /* Shark6-01.png */; };
		F575ED11197CE15E006BE357 /* Shark8-01.png in Resources */ = {isa = PBXBuildFile; fileRef = F575ED09197CE15E006BE357 /* Shark8-01.png */; };
		F57750C9195F25F6005205FF /* whack4.m4a in Resources */ = {isa = PBXBuildFile; fileRef = F57750C8195F25F6005205FF /* whack4.m4a */; };
		F57750CC195F2D72005205FF /* DateScore.m in Sources */ = {isa = PBXBuildFile; fileRef = F57750CB195F2D72005205FF /* DateScore.m */; };
		F57750D0195F6B2A005205FF /* GameKit.framework in Frameworks */ = {isa = PBXBuildFile; fileRef = F57750CF195F6B2A005205FF /* GameKit.framework */; };
		F57750D2195F9883005205FF /* score.wav in Resources */ = {isa = PBXBuildFile; fileRef = F57750D1195F9883005205FF /* score.wav */; };
		F57750DC195F9C84005205FF /*  GameOver.wav in Resources */ = {isa = PBXBuildFile; fileRef = F57750DB195F9C84005205FF /*  GameOver.wav */; };
		F5892363197B00DD0064C68B /* Bullet-B.png in Resources */ = {isa = PBXBuildFile; fileRef = F5892362197B00DD0064C68B /* Bullet-B.png */; };
		F5892365197B46920064C68B /* Bullet-A.png in Resources */ = {isa = PBXBuildFile; fileRef = F5892364197B46920064C68B /* Bullet-A.png */; };
		F5892368197B70340064C68B /* HoverFlappy_level2.m4a in Resources */ = {isa = PBXBuildFile; fileRef = F5892367197B70340064C68B /* HoverFlappy_level2.m4a */; };
		F589236D197C420C0064C68B /* column_3a.png in Resources */ = {isa = PBXBuildFile; fileRef = F5892369197C420C0064C68B /* column_3a.png */; };
		F589236E197C420C0064C68B /* column_3b.png in Resources */ = {isa = PBXBuildFile; fileRef = F589236A197C420C0064C68B /* column_3b.png */; };
		F589236F197C420C0064C68B /* column2a.png in Resources */ = {isa = PBXBuildFile; fileRef = F589236B197C420C0064C68B /* column2a.png */; };
		F5892370197C420C0064C68B /* column2b.png in Resources */ = {isa = PBXBuildFile; fileRef = F589236C197C420C0064C68B /* column2b.png */; };
		F5892375197C857E0064C68B /* bricks_gray_down.png in Resources */ = {isa = PBXBuildFile; fileRef = F5892371197C857D0064C68B /* bricks_gray_down.png */; };
		F5892376197C857E0064C68B /* bricks_gray_up.png in Resources */ = {isa = PBXBuildFile; fileRef = F5892372197C857D0064C68B /* bricks_gray_up.png */; };
		F5892377197C857E0064C68B /* bricks_white_down.png in Resources */ = {isa = PBXBuildFile; fileRef = F5892373197C857D0064C68B /* bricks_white_down.png */; };
		F5892378197C857E0064C68B /* bricks_white_up.png in Resources */ = {isa = PBXBuildFile; fileRef = F5892374197C857D0064C68B /* bricks_white_up.png */; };
		F5D56B10194E89D30063D43A /* ScoresViewController.m in Sources */ = {isa = PBXBuildFile; fileRef = F5D56B0F194E89D30063D43A /* ScoresViewController.m */; };
		F5D56B18194EBBEB0063D43A /* iAd.framework in Frameworks */ = {isa = PBXBuildFile; fileRef = F5D56B17194EBBEB0063D43A /* iAd.framework */; };
		F5E844FA19687EE7007738C6 /* Easy.png in Resources */ = {isa = PBXBuildFile; fileRef = F5E844F819687EE7007738C6 /* Easy.png */; };
		F5E844FB19687EE7007738C6 /* Hard.png in Resources */ = {isa = PBXBuildFile; fileRef = F5E844F919687EE7007738C6 /* Hard.png */; };
		F5E84500196892DB007738C6 /* hover.png in Resources */ = {isa = PBXBuildFile; fileRef = F5E844FE196892DB007738C6 /* hover.png */; };
		F5E84501196892DB007738C6 /* tap.png in Resources */ = {isa = PBXBuildFile; fileRef = F5E844FF196892DB007738C6 /* tap.png */; };
		F5E84530196A129D007738C6 /* HelpVideoVCViewController.m in Sources */ = {isa = PBXBuildFile; fileRef = F5E8452F196A129D007738C6 /* HelpVideoVCViewController.m */; };
		F5E84536196A17B5007738C6 /* help8-3.png in Resources */ = {isa = PBXBuildFile; fileRef = F5E84535196A17B5007738C6 /* help8-3.png */; };
/* End PBXBuildFile section */

/* Begin PBXContainerItemProxy section */
		F53CCA99194D2F3B00A9AB63 /* PBXContainerItemProxy */ = {
			isa = PBXContainerItemProxy;
			containerPortal = F53CCA61194D2F3B00A9AB63 /* Project object */;
			proxyType = 1;
			remoteGlobalIDString = F53CCA68194D2F3B00A9AB63;
			remoteInfo = HoverBird;
		};
/* End PBXContainerItemProxy section */

/* Begin PBXFileReference section */
		F51927D31964CE35004D1D5F /* bricks.png */ = {isa = PBXFileReference; lastKnownFileType = image.png; path = bricks.png; sourceTree = "<group>"; };
		F51927D51964D388004D1D5F /* music.png */ = {isa = PBXFileReference; lastKnownFileType = image.png; path = music.png; sourceTree = "<group>"; };
		F51927D71964D8F1004D1D5F /* no-music.png */ = {isa = PBXFileReference; lastKnownFileType = image.png; path = "no-music.png"; sourceTree = "<group>"; };
		F51927D91965084B004D1D5F /* bricks1.png */ = {isa = PBXFileReference; lastKnownFileType = image.png; name = bricks1.png; path = ../gameAssets/bricks1.png; sourceTree = "<group>"; };
		F51927DA1965084B004D1D5F /* bricks2.png */ = {isa = PBXFileReference; lastKnownFileType = image.png; name = bricks2.png; path = ../gameAssets/bricks2.png; sourceTree = "<group>"; };
		F5354E99194EC1B20049F406 /* blur1.png */ = {isa = PBXFileReference; lastKnownFileType = image.png; path = blur1.png; sourceTree = "<group>"; };
		F5354EA5194FE3510049F406 /* UIImage+ImageEffects.h */ = {isa = PBXFileReference; fileEncoding = 4; lastKnownFileType = sourcecode.c.h; path = "UIImage+ImageEffects.h"; sourceTree = "<group>"; };
		F5354EA6194FE3510049F406 /* UIImage+ImageEffects.m */ = {isa = PBXFileReference; fileEncoding = 4; lastKnownFileType = sourcecode.c.objc; path = "UIImage+ImageEffects.m"; sourceTree = "<group>"; };
		F5354EA9194FE4CD0049F406 /* Accelerate.framework */ = {isa = PBXFileReference; lastKnownFileType = wrapper.framework; name = Accelerate.framework; path = System/Library/Frameworks/Accelerate.framework; sourceTree = SDKROOT; };
		F5354EAB195011C60049F406 /* heart.png */ = {isa = PBXFileReference; lastKnownFileType = image.png; path = heart.png; sourceTree = "<group>"; };
		F53CCA69194D2F3B00A9AB63 /* HoverShark.app */ = {isa = PBXFileReference; explicitFileType = wrapper.application; includeInIndex = 0; path = HoverShark.app; sourceTree = BUILT_PRODUCTS_DIR; };
		F53CCA6C194D2F3B00A9AB63 /* Foundation.framework */ = {isa = PBXFileReference; lastKnownFileType = wrapper.framework; name = Foundation.framework; path = System/Library/Frameworks/Foundation.framework; sourceTree = SDKROOT; };
		F53CCA6E194D2F3B00A9AB63 /* CoreGraphics.framework */ = {isa = PBXFileReference; lastKnownFileType = wrapper.framework; name = CoreGraphics.framework; path = System/Library/Frameworks/CoreGraphics.framework; sourceTree = SDKROOT; };
		F53CCA70194D2F3B00A9AB63 /* UIKit.framework */ = {isa = PBXFileReference; lastKnownFileType = wrapper.framework; name = UIKit.framework; path = System/Library/Frameworks/UIKit.framework; sourceTree = SDKROOT; };
		F53CCA72194D2F3B00A9AB63 /* SpriteKit.framework */ = {isa = PBXFileReference; lastKnownFileType = wrapper.framework; name = SpriteKit.framework; path = System/Library/Frameworks/SpriteKit.framework; sourceTree = SDKROOT; };
		F53CCA76194D2F3B00A9AB63 /* HoverShark-Info.plist */ = {isa = PBXFileReference; lastKnownFileType = text.plist.xml; path = "HoverShark-Info.plist"; sourceTree = "<group>"; };
		F53CCA78194D2F3B00A9AB63 /* en */ = {isa = PBXFileReference; lastKnownFileType = text.plist.strings; name = en; path = en.lproj/InfoPlist.strings; sourceTree = "<group>"; };
		F53CCA7A194D2F3B00A9AB63 /* main.m */ = {isa = PBXFileReference; lastKnownFileType = sourcecode.c.objc; path = main.m; sourceTree = "<group>"; };
		F53CCA7C194D2F3B00A9AB63 /* HoverShark-Prefix.pch */ = {isa = PBXFileReference; lastKnownFileType = sourcecode.c.h; path = "HoverShark-Prefix.pch"; sourceTree = "<group>"; };
		F53CCA7D194D2F3B00A9AB63 /* AppDelegate.h */ = {isa = PBXFileReference; lastKnownFileType = sourcecode.c.h; path = AppDelegate.h; sourceTree = "<group>"; };
		F53CCA7E194D2F3B00A9AB63 /* AppDelegate.m */ = {isa = PBXFileReference; lastKnownFileType = sourcecode.c.objc; path = AppDelegate.m; sourceTree = "<group>"; };
		F53CCA81194D2F3B00A9AB63 /* Base */ = {isa = PBXFileReference; lastKnownFileType = file.storyboard; name = Base; path = Base.lproj/Main_iPhone.storyboard; sourceTree = "<group>"; };
		F53CCA84194D2F3B00A9AB63 /* Base */ = {isa = PBXFileReference; lastKnownFileType = file.storyboard; name = Base; path = Base.lproj/Main_iPad.storyboard; sourceTree = "<group>"; };
		F53CCA86194D2F3B00A9AB63 /* ViewController.h */ = {isa = PBXFileReference; lastKnownFileType = sourcecode.c.h; path = ViewController.h; sourceTree = "<group>"; };
		F53CCA87194D2F3B00A9AB63 /* ViewController.m */ = {isa = PBXFileReference; lastKnownFileType = sourcecode.c.objc; path = ViewController.m; sourceTree = "<group>"; };
		F53CCA89194D2F3B00A9AB63 /* MyScene.h */ = {isa = PBXFileReference; lastKnownFileType = sourcecode.c.h; path = MyScene.h; sourceTree = "<group>"; };
		F53CCA8A194D2F3B00A9AB63 /* MyScene.m */ = {isa = PBXFileReference; lastKnownFileType = sourcecode.c.objc; path = MyScene.m; sourceTree = "<group>"; };
		F53CCA8E194D2F3B00A9AB63 /* Images.xcassets */ = {isa = PBXFileReference; lastKnownFileType = folder.assetcatalog; path = Images.xcassets; sourceTree = "<group>"; };
		F53CCA94194D2F3B00A9AB63 /* HoverSharkTests.xctest */ = {isa = PBXFileReference; explicitFileType = wrapper.cfbundle; includeInIndex = 0; path = HoverSharkTests.xctest; sourceTree = BUILT_PRODUCTS_DIR; };
		F53CCA95194D2F3B00A9AB63 /* XCTest.framework */ = {isa = PBXFileReference; lastKnownFileType = wrapper.framework; name = XCTest.framework; path = Library/Frameworks/XCTest.framework; sourceTree = DEVELOPER_DIR; };
		F53CCA9D194D2F3B00A9AB63 /* HoverSharkTests-Info.plist */ = {isa = PBXFileReference; lastKnownFileType = text.plist.xml; path = "HoverSharkTests-Info.plist"; sourceTree = "<group>"; };
		F53CCA9F194D2F3B00A9AB63 /* en */ = {isa = PBXFileReference; lastKnownFileType = text.plist.strings; name = en; path = en.lproj/InfoPlist.strings; sourceTree = "<group>"; };
		F53CCAA1194D2F3B00A9AB63 /* HoverBirdTests.m */ = {isa = PBXFileReference; lastKnownFileType = sourcecode.c.objc; path = HoverBirdTests.m; sourceTree = "<group>"; };
		F53CCAAB194D306D00A9AB63 /* Bird1.png */ = {isa = PBXFileReference; lastKnownFileType = image.png; path = Bird1.png; sourceTree = "<group>"; };
		F53CCAAC194D306D00A9AB63 /* Bird2.png */ = {isa = PBXFileReference; lastKnownFileType = image.png; path = Bird2.png; sourceTree = "<group>"; };
		F53CCAAF194D33AB00A9AB63 /* Ground.png */ = {isa = PBXFileReference; lastKnownFileType = image.png; path = Ground.png; sourceTree = "<group>"; };
		F53CCAB0194D33AB00A9AB63 /* Pipe1.png */ = {isa = PBXFileReference; lastKnownFileType = image.png; path = Pipe1.png; sourceTree = "<group>"; };
		F53CCAB1194D33AB00A9AB63 /* Pipe2.png */ = {isa = PBXFileReference; lastKnownFileType = image.png; path = Pipe2.png; sourceTree = "<group>"; };
		F53CCAB2194D33AB00A9AB63 /* Skyline.png */ = {isa = PBXFileReference; lastKnownFileType = image.png; path = Skyline.png; sourceTree = "<group>"; };
		F53CCAB7194E544D00A9AB63 /* opencv2.framework */ = {isa = PBXFileReference; lastKnownFileType = wrapper.framework; path = opencv2.framework; sourceTree = "<group>"; };
		F53CCAB9194E56C700A9AB63 /* AVFoundation.framework */ = {isa = PBXFileReference; lastKnownFileType = wrapper.framework; name = AVFoundation.framework; path = System/Library/Frameworks/AVFoundation.framework; sourceTree = SDKROOT; };
		F53CCABD194E601A00A9AB63 /* CoreVideo.framework */ = {isa = PBXFileReference; lastKnownFileType = wrapper.framework; name = CoreVideo.framework; path = System/Library/Frameworks/CoreVideo.framework; sourceTree = SDKROOT; };
		F53CCABF194E602100A9AB63 /* CoreMedia.framework */ = {isa = PBXFileReference; lastKnownFileType = wrapper.framework; name = CoreMedia.framework; path = System/Library/Frameworks/CoreMedia.framework; sourceTree = SDKROOT; };
		F53CCAC1194E604D00A9AB63 /* AddressBook.framework */ = {isa = PBXFileReference; lastKnownFileType = wrapper.framework; name = AddressBook.framework; path = System/Library/Frameworks/AddressBook.framework; sourceTree = SDKROOT; };
		F53CCAC2194E604D00A9AB63 /* AddressBookUI.framework */ = {isa = PBXFileReference; lastKnownFileType = wrapper.framework; name = AddressBookUI.framework; path = System/Library/Frameworks/AddressBookUI.framework; sourceTree = SDKROOT; };
		F53CCAC5194E606500A9AB63 /* CoreImage.framework */ = {isa = PBXFileReference; lastKnownFileType = wrapper.framework; name = CoreImage.framework; path = System/Library/Frameworks/CoreImage.framework; sourceTree = SDKROOT; };
		F53CCAC7194E607700A9AB63 /* SystemConfiguration.framework */ = {isa = PBXFileReference; lastKnownFileType = wrapper.framework; name = SystemConfiguration.framework; path = System/Library/Frameworks/SystemConfiguration.framework; sourceTree = SDKROOT; };
		F53CCAC9194E609000A9AB63 /* Security.framework */ = {isa = PBXFileReference; lastKnownFileType = wrapper.framework; name = Security.framework; path = System/Library/Frameworks/Security.framework; sourceTree = SDKROOT; };
		F53CCACB194E60AD00A9AB63 /* MessageUI.framework */ = {isa = PBXFileReference; lastKnownFileType = wrapper.framework; name = MessageUI.framework; path = System/Library/Frameworks/MessageUI.framework; sourceTree = SDKROOT; };
		F53CCACD194E60EE00A9AB63 /* AssetsLibrary.framework */ = {isa = PBXFileReference; lastKnownFileType = wrapper.framework; name = AssetsLibrary.framework; path = System/Library/Frameworks/AssetsLibrary.framework; sourceTree = SDKROOT; };
		F53CCACF194E611400A9AB63 /* QuartzCore.framework */ = {isa = PBXFileReference; lastKnownFileType = wrapper.framework; name = QuartzCore.framework; path = System/Library/Frameworks/QuartzCore.framework; sourceTree = SDKROOT; };
		F555DDD3195F9E2A00E0841A /* game_over.wav */ = {isa = PBXFileReference; lastKnownFileType = audio.wav; path = game_over.wav; sourceTree = "<group>"; };
		F555DDD519609D8F00E0841A /* Loopy_trimmed.m4a */ = {isa = PBXFileReference; lastKnownFileType = file; path = Loopy_trimmed.m4a; sourceTree = "<group>"; };
		F555DDE01960FCD100E0841A /* a1.png */ = {isa = PBXFileReference; lastKnownFileType = image.png; path = a1.png; sourceTree = "<group>"; };
		F555DDE11960FCD100E0841A /* a2.png */ = {isa = PBXFileReference; lastKnownFileType = image.png; path = a2.png; sourceTree = "<group>"; };
		F555DDE21960FCD100E0841A /* a3.png */ = {isa = PBXFileReference; lastKnownFileType = image.png; path = a3.png; sourceTree = "<group>"; };
		F555DDE31960FCD100E0841A /* a4.png */ = {isa = PBXFileReference; lastKnownFileType = image.png; path = a4.png; sourceTree = "<group>"; };
		F555DDE41960FCD100E0841A /* a5.png */ = {isa = PBXFileReference; lastKnownFileType = image.png; path = a5.png; sourceTree = "<group>"; };
		F555DDE51960FCD100E0841A /* a6.png */ = {isa = PBXFileReference; lastKnownFileType = image.png; path = a6.png; sourceTree = "<group>"; };
		F555DDE61960FCD100E0841A /* a7.png */ = {isa = PBXFileReference; lastKnownFileType = image.png; path = a7.png; sourceTree = "<group>"; };
		F555DDE71960FCD100E0841A /* a8.png */ = {isa = PBXFileReference; lastKnownFileType = image.png; path = a8.png; sourceTree = "<group>"; };
		F555DDF1196103C400E0841A /* d1.png */ = {isa = PBXFileReference; lastKnownFileType = image.png; path = d1.png; sourceTree = "<group>"; };
		F555DDF2196103C400E0841A /* d2.png */ = {isa = PBXFileReference; lastKnownFileType = image.png; path = d2.png; sourceTree = "<group>"; };
		F555DDF3196103C400E0841A /* d3.png */ = {isa = PBXFileReference; lastKnownFileType = image.png; path = d3.png; sourceTree = "<group>"; };
		F555DDF4196103C400E0841A /* d4.png */ = {isa = PBXFileReference; lastKnownFileType = image.png; path = d4.png; sourceTree = "<group>"; };
		F555DDF5196103C400E0841A /* d5.png */ = {isa = PBXFileReference; lastKnownFileType = image.png; path = d5.png; sourceTree = "<group>"; };
		F555DDF6196103C400E0841A /* d6.png */ = {isa = PBXFileReference; lastKnownFileType = image.png; path = d6.png; sourceTree = "<group>"; };
		F555DDF7196103C400E0841A /* d7.png */ = {isa = PBXFileReference; lastKnownFileType = image.png; path = d7.png; sourceTree = "<group>"; };
		F555DDF8196103C400E0841A /* d8.png */ = {isa = PBXFileReference; lastKnownFileType = image.png; path = d8.png; sourceTree = "<group>"; };
		F555DE0219610BF300E0841A /* g1.png */ = {isa = PBXFileReference; lastKnownFileType = image.png; path = g1.png; sourceTree = "<group>"; };
		F555DE0319610BF300E0841A /* g2.png */ = {isa = PBXFileReference; lastKnownFileType = image.png; path = g2.png; sourceTree = "<group>"; };
		F555DE0419610BF300E0841A /* g3.png */ = {isa = PBXFileReference; lastKnownFileType = image.png; path = g3.png; sourceTree = "<group>"; };
		F555DE0519610BF300E0841A /* g4.png */ = {isa = PBXFileReference; lastKnownFileType = image.png; path = g4.png; sourceTree = "<group>"; };
		F555DE0619610BF300E0841A /* g5.png */ = {isa = PBXFileReference; lastKnownFileType = image.png; path = g5.png; sourceTree = "<group>"; };
		F555DE0719610BF300E0841A /* g6.png */ = {isa = PBXFileReference; lastKnownFileType = image.png; path = g6.png; sourceTree = "<group>"; };
		F555DE0819610BF300E0841A /* g7.png */ = {isa = PBXFileReference; lastKnownFileType = image.png; path = g7.png; sourceTree = "<group>"; };
		F555DE0919610BF300E0841A /* g8.png */ = {isa = PBXFileReference; lastKnownFileType = image.png; path = g8.png; sourceTree = "<group>"; };
		F555DE13196134DE00E0841A /* s1.png */ = {isa = PBXFileReference; lastKnownFileType = image.png; path = s1.png; sourceTree = "<group>"; };
		F555DE14196134DE00E0841A /* s2.png */ = {isa = PBXFileReference; lastKnownFileType = image.png; path = s2.png; sourceTree = "<group>"; };
		F555DE15196134DE00E0841A /* s3.png */ = {isa = PBXFileReference; lastKnownFileType = image.png; path = s3.png; sourceTree = "<group>"; };
		F555DE16196134DE00E0841A /* s4.png */ = {isa = PBXFileReference; lastKnownFileType = image.png; path = s4.png; sourceTree = "<group>"; };
		F555DE17196134DE00E0841A /* s5.png */ = {isa = PBXFileReference; lastKnownFileType = image.png; path = s5.png; sourceTree = "<group>"; };
		F555DE1E1962591300E0841A /* startButton.png */ = {isa = PBXFileReference; lastKnownFileType = image.png; path = startButton.png; sourceTree = "<group>"; };
		F555DE221962742E00E0841A /* organ.wav */ = {isa = PBXFileReference; lastKnownFileType = audio.wav; path = organ.wav; sourceTree = "<group>"; };
		F555DE241962756800E0841A /* restartButton.png */ = {isa = PBXFileReference; lastKnownFileType = image.png; name = restartButton.png; path = ../restartButton.png; sourceTree = "<group>"; };
		F555DE2819627D6900E0841A /* Skyline_red.png */ = {isa = PBXFileReference; lastKnownFileType = image.png; path = Skyline_red.png; sourceTree = "<group>"; };
		F555DE2A19627EBE00E0841A /* grass.png */ = {isa = PBXFileReference; lastKnownFileType = image.png; path = grass.png; sourceTree = "<group>"; };
		F555DE2C1962802B00E0841A /* grass5.png */ = {isa = PBXFileReference; lastKnownFileType = image.png; path = grass5.png; sourceTree = "<group>"; };
		F555DE2E1962806D00E0841A /* grass2.png */ = {isa = PBXFileReference; lastKnownFileType = image.png; path = grass2.png; sourceTree = "<group>"; };
		F555DE30196282CE00E0841A /* Ground1.png */ = {isa = PBXFileReference; lastKnownFileType = image.png; path = Ground1.png; sourceTree = "<group>"; };
		F555DE32196283E900E0841A /* ground3.png */ = {isa = PBXFileReference; lastKnownFileType = image.png; path = ground3.png; sourceTree = "<group>"; };
		F555DE341962852900E0841A /* grass4.png */ = {isa = PBXFileReference; lastKnownFileType = image.png; path = grass4.png; sourceTree = "<group>"; };
		F555DE361962899E00E0841A /* ground_flower.png */ = {isa = PBXFileReference; lastKnownFileType = image.png; path = ground_flower.png; sourceTree = "<group>"; };
		F574E6D5197CE81E004644D6 /* Shark9-01.png */ = {isa = PBXFileReference; lastKnownFileType = image.png; path = "Shark9-01.png"; sourceTree = "<group>"; };
		F574E6D8197CE892004644D6 /* Ocean1_BG.png */ = {isa = PBXFileReference; lastKnownFileType = image.png; path = Ocean1_BG.png; sourceTree = "<group>"; };
		F574E6D9197CE892004644D6 /* Ocean1_FG.png */ = {isa = PBXFileReference; lastKnownFileType = image.png; path = Ocean1_FG.png; sourceTree = "<group>"; };
		F574E6DA197CE892004644D6 /* Ocean2.png */ = {isa = PBXFileReference; lastKnownFileType = image.png; path = Ocean2.png; sourceTree = "<group>"; };
		F574E6DF197CF505004644D6 /* Chain.png */ = {isa = PBXFileReference; lastKnownFileType = image.png; path = Chain.png; sourceTree = "<group>"; };
		F574E6E2197CF819004644D6 /* goldMine.png */ = {isa = PBXFileReference; lastKnownFileType = image.png; path = goldMine.png; sourceTree = "<group>"; };
		F574E6E4197DEF72004644D6 /* DeadShark.png */ = {isa = PBXFileReference; lastKnownFileType = image.png; path = DeadShark.png; sourceTree = "<group>"; };
		F574E6E6197DF7F1004644D6 /* SmallFishGreen.png */ = {isa = PBXFileReference; lastKnownFileType = image.png; path = SmallFishGreen.png; sourceTree = "<group>"; };
		F574E6E7197DF7F1004644D6 /* SmallFishRed.png */ = {isa = PBXFileReference; lastKnownFileType = image.png; path = SmallFishRed.png; sourceTree = "<group>"; };
		F574E6E8197DF7F1004644D6 /* SmallFishYellow.png */ = {isa = PBXFileReference; lastKnownFileType = image.png; path = SmallFishYellow.png; sourceTree = "<group>"; };
		F574E6ED197E24F8004644D6 /* Torpedo.png */ = {isa = PBXFileReference; lastKnownFileType = image.png; path = Torpedo.png; sourceTree = "<group>"; };
		F574E6EF197E2B65004644D6 /* MediumFishBrown.png */ = {isa = PBXFileReference; lastKnownFileType = image.png; name = MediumFishBrown.png; path = ../MediumFishBrown.png; sourceTree = "<group>"; };
		F574E6F0197E2B65004644D6 /* MediumFishGreen.png */ = {isa = PBXFileReference; lastKnownFileType = image.png; name = MediumFishGreen.png; path = ../MediumFishGreen.png; sourceTree = "<group>"; };
		F574E6F1197E2B65004644D6 /* MediumFishPurple.png */ = {isa = PBXFileReference; lastKnownFileType = image.png; name = MediumFishPurple.png; path = ../MediumFishPurple.png; sourceTree = "<group>"; };
		F575ED03197CE15E006BE357 /* Shark1-01.png */ = {isa = PBXFileReference; lastKnownFileType = image.png; path = "Shark1-01.png"; sourceTree = "<group>"; };
		F575ED04197CE15E006BE357 /* Shark2-01.png */ = {isa = PBXFileReference; lastKnownFileType = image.png; path = "Shark2-01.png"; sourceTree = "<group>"; };
		F575ED05197CE15E006BE357 /* Shark3-01.png */ = {isa = PBXFileReference; lastKnownFileType = image.png; path = "Shark3-01.png"; sourceTree = "<group>"; };
		F575ED06197CE15E006BE357 /* Shark4-01.png */ = {isa = PBXFileReference; lastKnownFileType = image.png; path = "Shark4-01.png"; sourceTree = "<group>"; };
		F575ED07197CE15E006BE357 /* Shark5-01.png */ = {isa = PBXFileReference; lastKnownFileType = image.png; path = "Shark5-01.png"; sourceTree = "<group>"; };
		F575ED08197CE15E006BE357 /* Shark6-01.png */ = {isa = PBXFileReference; lastKnownFileType = image.png; path = "Shark6-01.png"; sourceTree = "<group>"; };
		F575ED09197CE15E006BE357 /* Shark8-01.png */ = {isa = PBXFileReference; lastKnownFileType = image.png; path = "Shark8-01.png"; sourceTree = "<group>"; };
		F57750C8195F25F6005205FF /* whack4.m4a */ = {isa = PBXFileReference; lastKnownFileType = file; path = whack4.m4a; sourceTree = "<group>"; };
		F57750CA195F2D72005205FF /* DateScore.h */ = {isa = PBXFileReference; fileEncoding = 4; lastKnownFileType = sourcecode.c.h; path = DateScore.h; sourceTree = "<group>"; };
		F57750CB195F2D72005205FF /* DateScore.m */ = {isa = PBXFileReference; fileEncoding = 4; lastKnownFileType = sourcecode.c.objc; path = DateScore.m; sourceTree = "<group>"; };
		F57750CF195F6B2A005205FF /* GameKit.framework */ = {isa = PBXFileReference; lastKnownFileType = wrapper.framework; name = GameKit.framework; path = System/Library/Frameworks/GameKit.framework; sourceTree = SDKROOT; };
		F57750D1195F9883005205FF /* score.wav */ = {isa = PBXFileReference; lastKnownFileType = audio.wav; name = score.wav; path = ../../../../../Downloads/score.wav; sourceTree = "<group>"; };
		F57750DB195F9C84005205FF /*  GameOver.wav */ = {isa = PBXFileReference; lastKnownFileType = audio.wav; path = " GameOver.wav"; sourceTree = "<group>"; };
		F5892362197B00DD0064C68B /* Bullet-B.png */ = {isa = PBXFileReference; lastKnownFileType = image.png; path = "Bullet-B.png"; sourceTree = "<group>"; };
		F5892364197B46920064C68B /* Bullet-A.png */ = {isa = PBXFileReference; lastKnownFileType = image.png; path = "Bullet-A.png"; sourceTree = "<group>"; };
		F5892367197B70340064C68B /* HoverFlappy_level2.m4a */ = {isa = PBXFileReference; lastKnownFileType = file; path = HoverFlappy_level2.m4a; sourceTree = "<group>"; };
		F5892369197C420C0064C68B /* column_3a.png */ = {isa = PBXFileReference; lastKnownFileType = image.png; path = column_3a.png; sourceTree = "<group>"; };
		F589236A197C420C0064C68B /* column_3b.png */ = {isa = PBXFileReference; lastKnownFileType = image.png; path = column_3b.png; sourceTree = "<group>"; };
		F589236B197C420C0064C68B /* column2a.png */ = {isa = PBXFileReference; lastKnownFileType = image.png; path = column2a.png; sourceTree = "<group>"; };
		F589236C197C420C0064C68B /* column2b.png */ = {isa = PBXFileReference; lastKnownFileType = image.png; path = column2b.png; sourceTree = "<group>"; };
		F5892371197C857D0064C68B /* bricks_gray_down.png */ = {isa = PBXFileReference; lastKnownFileType = image.png; path = bricks_gray_down.png; sourceTree = "<group>"; };
		F5892372197C857D0064C68B /* bricks_gray_up.png */ = {isa = PBXFileReference; lastKnownFileType = image.png; path = bricks_gray_up.png; sourceTree = "<group>"; };
		F5892373197C857D0064C68B /* bricks_white_down.png */ = {isa = PBXFileReference; lastKnownFileType = image.png; path = bricks_white_down.png; sourceTree = "<group>"; };
		F5892374197C857D0064C68B /* bricks_white_up.png */ = {isa = PBXFileReference; lastKnownFileType = image.png; path = bricks_white_up.png; sourceTree = "<group>"; };
		F5D56B0E194E89D30063D43A /* ScoresViewController.h */ = {isa = PBXFileReference; fileEncoding = 4; lastKnownFileType = sourcecode.c.h; path = ScoresViewController.h; sourceTree = "<group>"; };
		F5D56B0F194E89D30063D43A /* ScoresViewController.m */ = {isa = PBXFileReference; fileEncoding = 4; lastKnownFileType = sourcecode.c.objc; path = ScoresViewController.m; sourceTree = "<group>"; };
		F5D56B17194EBBEB0063D43A /* iAd.framework */ = {isa = PBXFileReference; lastKnownFileType = wrapper.framework; name = iAd.framework; path = System/Library/Frameworks/iAd.framework; sourceTree = SDKROOT; };
		F5E844F819687EE7007738C6 /* Easy.png */ = {isa = PBXFileReference; lastKnownFileType = image.png; path = Easy.png; sourceTree = "<group>"; };
		F5E844F919687EE7007738C6 /* Hard.png */ = {isa = PBXFileReference; lastKnownFileType = image.png; path = Hard.png; sourceTree = "<group>"; };
		F5E844FE196892DB007738C6 /* hover.png */ = {isa = PBXFileReference; lastKnownFileType = image.png; path = hover.png; sourceTree = "<group>"; };
		F5E844FF196892DB007738C6 /* tap.png */ = {isa = PBXFileReference; lastKnownFileType = image.png; path = tap.png; sourceTree = "<group>"; };
		F5E8452E196A129D007738C6 /* HelpVideoVCViewController.h */ = {isa = PBXFileReference; fileEncoding = 4; lastKnownFileType = sourcecode.c.h; path = HelpVideoVCViewController.h; sourceTree = "<group>"; };
		F5E8452F196A129D007738C6 /* HelpVideoVCViewController.m */ = {isa = PBXFileReference; fileEncoding = 4; lastKnownFileType = sourcecode.c.objc; path = HelpVideoVCViewController.m; sourceTree = "<group>"; };
		F5E84535196A17B5007738C6 /* help8-3.png */ = {isa = PBXFileReference; lastKnownFileType = image.png; path = "help8-3.png"; sourceTree = "<group>"; };
/* End PBXFileReference section */

/* Begin PBXFrameworksBuildPhase section */
		F53CCA66194D2F3B00A9AB63 /* Frameworks */ = {
			isa = PBXFrameworksBuildPhase;
			buildActionMask = 2147483647;
			files = (
				F5354EAA194FE4CD0049F406 /* Accelerate.framework in Frameworks */,
				F5D56B18194EBBEB0063D43A /* iAd.framework in Frameworks */,
				F53CCAD0194E611400A9AB63 /* QuartzCore.framework in Frameworks */,
				F53CCACE194E60EE00A9AB63 /* AssetsLibrary.framework in Frameworks */,
				F53CCACC194E60AD00A9AB63 /* MessageUI.framework in Frameworks */,
				F53CCACA194E609000A9AB63 /* Security.framework in Frameworks */,
				F53CCAC8194E607700A9AB63 /* SystemConfiguration.framework in Frameworks */,
				F53CCAC6194E606500A9AB63 /* CoreImage.framework in Frameworks */,
				F53CCAC3194E604D00A9AB63 /* AddressBook.framework in Frameworks */,
				F53CCAC4194E604D00A9AB63 /* AddressBookUI.framework in Frameworks */,
				F53CCAC0194E602100A9AB63 /* CoreMedia.framework in Frameworks */,
				F53CCABE194E601A00A9AB63 /* CoreVideo.framework in Frameworks */,
				F53CCABA194E56C700A9AB63 /* AVFoundation.framework in Frameworks */,
				F57750D0195F6B2A005205FF /* GameKit.framework in Frameworks */,
				F53CCA6F194D2F3B00A9AB63 /* CoreGraphics.framework in Frameworks */,
				F53CCA71194D2F3B00A9AB63 /* UIKit.framework in Frameworks */,
				F53CCA73194D2F3B00A9AB63 /* SpriteKit.framework in Frameworks */,
				F53CCAB8194E544D00A9AB63 /* opencv2.framework in Frameworks */,
				F53CCA6D194D2F3B00A9AB63 /* Foundation.framework in Frameworks */,
			);
			runOnlyForDeploymentPostprocessing = 0;
		};
		F53CCA91194D2F3B00A9AB63 /* Frameworks */ = {
			isa = PBXFrameworksBuildPhase;
			buildActionMask = 2147483647;
			files = (
				F53CCA96194D2F3B00A9AB63 /* XCTest.framework in Frameworks */,
				F53CCA98194D2F3B00A9AB63 /* UIKit.framework in Frameworks */,
				F53CCA97194D2F3B00A9AB63 /* Foundation.framework in Frameworks */,
			);
			runOnlyForDeploymentPostprocessing = 0;
		};
/* End PBXFrameworksBuildPhase section */

/* Begin PBXGroup section */
		F51927DD19650860004D1D5F /* Columns */ = {
			isa = PBXGroup;
			children = (
				F5892371197C857D0064C68B /* bricks_gray_down.png */,
				F5892372197C857D0064C68B /* bricks_gray_up.png */,
				F5892373197C857D0064C68B /* bricks_white_down.png */,
				F5892374197C857D0064C68B /* bricks_white_up.png */,
				F5892369197C420C0064C68B /* column_3a.png */,
				F589236A197C420C0064C68B /* column_3b.png */,
				F589236B197C420C0064C68B /* column2a.png */,
				F589236C197C420C0064C68B /* column2b.png */,
				F51927D91965084B004D1D5F /* bricks1.png */,
				F51927DA1965084B004D1D5F /* bricks2.png */,
			);
			name = Columns;
			sourceTree = "<group>";
		};
		F5354EA8194FE3580049F406 /* BlurEffects */ = {
			isa = PBXGroup;
			children = (
				F5354EA5194FE3510049F406 /* UIImage+ImageEffects.h */,
				F5354EA6194FE3510049F406 /* UIImage+ImageEffects.m */,
			);
			name = BlurEffects;
			sourceTree = "<group>";
		};
		F53CCA60194D2F3B00A9AB63 = {
			isa = PBXGroup;
			children = (
				F53CCA74194D2F3B00A9AB63 /* HoverBird */,
				F53CCA9B194D2F3B00A9AB63 /* HoverBirdTests */,
				F53CCA6B194D2F3B00A9AB63 /* Frameworks */,
				F53CCA6A194D2F3B00A9AB63 /* Products */,
			);
			sourceTree = "<group>";
		};
		F53CCA6A194D2F3B00A9AB63 /* Products */ = {
			isa = PBXGroup;
			children = (
				F53CCA69194D2F3B00A9AB63 /* HoverShark.app */,
				F53CCA94194D2F3B00A9AB63 /* HoverSharkTests.xctest */,
			);
			name = Products;
			sourceTree = "<group>";
		};
		F53CCA6B194D2F3B00A9AB63 /* Frameworks */ = {
			isa = PBXGroup;
			children = (
				F57750CF195F6B2A005205FF /* GameKit.framework */,
				F5354EA9194FE4CD0049F406 /* Accelerate.framework */,
				F5D56B17194EBBEB0063D43A /* iAd.framework */,
				F53CCACF194E611400A9AB63 /* QuartzCore.framework */,
				F53CCACD194E60EE00A9AB63 /* AssetsLibrary.framework */,
				F53CCACB194E60AD00A9AB63 /* MessageUI.framework */,
				F53CCAC9194E609000A9AB63 /* Security.framework */,
				F53CCAC7194E607700A9AB63 /* SystemConfiguration.framework */,
				F53CCAC5194E606500A9AB63 /* CoreImage.framework */,
				F53CCAC1194E604D00A9AB63 /* AddressBook.framework */,
				F53CCAC2194E604D00A9AB63 /* AddressBookUI.framework */,
				F53CCABF194E602100A9AB63 /* CoreMedia.framework */,
				F53CCABD194E601A00A9AB63 /* CoreVideo.framework */,
				F53CCAB9194E56C700A9AB63 /* AVFoundation.framework */,
				F53CCAB7194E544D00A9AB63 /* opencv2.framework */,
				F53CCA6C194D2F3B00A9AB63 /* Foundation.framework */,
				F53CCA6E194D2F3B00A9AB63 /* CoreGraphics.framework */,
				F53CCA70194D2F3B00A9AB63 /* UIKit.framework */,
				F53CCA72194D2F3B00A9AB63 /* SpriteKit.framework */,
				F53CCA95194D2F3B00A9AB63 /* XCTest.framework */,
			);
			name = Frameworks;
			sourceTree = "<group>";
		};
		F53CCA74194D2F3B00A9AB63 /* HoverBird */ = {
			isa = PBXGroup;
			children = (
				F5354EA8194FE3580049F406 /* BlurEffects */,
				F53CCA7D194D2F3B00A9AB63 /* AppDelegate.h */,
				F53CCA7E194D2F3B00A9AB63 /* AppDelegate.m */,
				F53CCA80194D2F3B00A9AB63 /* Main_iPhone.storyboard */,
				F53CCA83194D2F3B00A9AB63 /* Main_iPad.storyboard */,
				F5E8452E196A129D007738C6 /* HelpVideoVCViewController.h */,
				F5E8452F196A129D007738C6 /* HelpVideoVCViewController.m */,
				F53CCA86194D2F3B00A9AB63 /* ViewController.h */,
				F53CCA87194D2F3B00A9AB63 /* ViewController.m */,
				F5D56B0E194E89D30063D43A /* ScoresViewController.h */,
				F5D56B0F194E89D30063D43A /* ScoresViewController.m */,
				F53CCA89194D2F3B00A9AB63 /* MyScene.h */,
				F53CCA8A194D2F3B00A9AB63 /* MyScene.m */,
				F57750CA195F2D72005205FF /* DateScore.h */,
				F57750CB195F2D72005205FF /* DateScore.m */,
				F53CCA8E194D2F3B00A9AB63 /* Images.xcassets */,
				F53CCA75194D2F3B00A9AB63 /* Supporting Files */,
			);
			path = HoverBird;
			sourceTree = "<group>";
		};
		F53CCA75194D2F3B00A9AB63 /* Supporting Files */ = {
			isa = PBXGroup;
			children = (
				F574E6ED197E24F8004644D6 /* Torpedo.png */,
				F574E6EC197DF7F7004644D6 /* LittleFishes */,
				F574E6E1197CF512004644D6 /* Enemies */,
				F574E6DE197CE89B004644D6 /* Ocean */,
				F574E6D7197CE84E004644D6 /* Shark */,
				F5892367197B70340064C68B /* HoverFlappy_level2.m4a */,
				F5892366197B469C0064C68B /* Bullets */,
				F5E84535196A17B5007738C6 /* help8-3.png */,
				F5E844FD19689186007738C6 /* East_hard */,
				F5E844FC19689178007738C6 /* Hover_tap */,
				F51927DD19650860004D1D5F /* Columns */,
				F555DE241962756800E0841A /* restartButton.png */,
				F51927D51964D388004D1D5F /* music.png */,
				F51927D71964D8F1004D1D5F /* no-music.png */,
				F555DE221962742E00E0841A /* organ.wav */,
				F555DE1E1962591300E0841A /* startButton.png */,
				F555DE1D196134E900E0841A /* smoke */,
				F555DDDF1960A94F00E0841A /* bird */,
				F555DDD519609D8F00E0841A /* Loopy_trimmed.m4a */,
				F555DDD3195F9E2A00E0841A /* game_over.wav */,
				F57750DB195F9C84005205FF /*  GameOver.wav */,
				F57750D1195F9883005205FF /* score.wav */,
				F57750C8195F25F6005205FF /* whack4.m4a */,
				F5354EAB195011C60049F406 /* heart.png */,
				F5354E99194EC1B20049F406 /* blur1.png */,
				F53CCAAF194D33AB00A9AB63 /* Ground.png */,
				F555DE30196282CE00E0841A /* Ground1.png */,
				F555DE32196283E900E0841A /* ground3.png */,
				F555DE341962852900E0841A /* grass4.png */,
				F555DE361962899E00E0841A /* ground_flower.png */,
				F555DE2C1962802B00E0841A /* grass5.png */,
				F555DE2E1962806D00E0841A /* grass2.png */,
				F555DE2A19627EBE00E0841A /* grass.png */,
				F53CCAB0194D33AB00A9AB63 /* Pipe1.png */,
				F51927D31964CE35004D1D5F /* bricks.png */,
				F53CCAB1194D33AB00A9AB63 /* Pipe2.png */,
				F555DE2819627D6900E0841A /* Skyline_red.png */,
				F53CCAB2194D33AB00A9AB63 /* Skyline.png */,
				F53CCAAB194D306D00A9AB63 /* Bird1.png */,
				F53CCAAC194D306D00A9AB63 /* Bird2.png */,
				F53CCA76194D2F3B00A9AB63 /* HoverShark-Info.plist */,
				F53CCA77194D2F3B00A9AB63 /* InfoPlist.strings */,
				F53CCA7A194D2F3B00A9AB63 /* main.m */,
				F53CCA7C194D2F3B00A9AB63 /* HoverShark-Prefix.pch */,
			);
			name = "Supporting Files";
			sourceTree = "<group>";
		};
		F53CCA9B194D2F3B00A9AB63 /* HoverBirdTests */ = {
			isa = PBXGroup;
			children = (
				F53CCAA1194D2F3B00A9AB63 /* HoverBirdTests.m */,
				F53CCA9C194D2F3B00A9AB63 /* Supporting Files */,
			);
			path = HoverBirdTests;
			sourceTree = "<group>";
		};
		F53CCA9C194D2F3B00A9AB63 /* Supporting Files */ = {
			isa = PBXGroup;
			children = (
				F53CCA9D194D2F3B00A9AB63 /* HoverSharkTests-Info.plist */,
				F53CCA9E194D2F3B00A9AB63 /* InfoPlist.strings */,
			);
			name = "Supporting Files";
			sourceTree = "<group>";
		};
		F555DDDF1960A94F00E0841A /* bird */ = {
			isa = PBXGroup;
			children = (
				F555DE1219610C0800E0841A /* dead */,
				F555DE01196103CF00E0841A /* dizzy */,
				F555DDF0196103B700E0841A /* flaying */,
			);
			name = bird;
			sourceTree = "<group>";
		};
		F555DDF0196103B700E0841A /* flaying */ = {
			isa = PBXGroup;
			children = (
				F555DDE01960FCD100E0841A /* a1.png */,
				F555DDE11960FCD100E0841A /* a2.png */,
				F555DDE21960FCD100E0841A /* a3.png */,
				F555DDE31960FCD100E0841A /* a4.png */,
				F555DDE41960FCD100E0841A /* a5.png */,
				F555DDE51960FCD100E0841A /* a6.png */,
				F555DDE61960FCD100E0841A /* a7.png */,
				F555DDE71960FCD100E0841A /* a8.png */,
			);
			name = flaying;
			sourceTree = "<group>";
		};
		F555DE01196103CF00E0841A /* dizzy */ = {
			isa = PBXGroup;
			children = (
				F555DDF1196103C400E0841A /* d1.png */,
				F555DDF2196103C400E0841A /* d2.png */,
				F555DDF3196103C400E0841A /* d3.png */,
				F555DDF4196103C400E0841A /* d4.png */,
				F555DDF5196103C400E0841A /* d5.png */,
				F555DDF6196103C400E0841A /* d6.png */,
				F555DDF7196103C400E0841A /* d7.png */,
				F555DDF8196103C400E0841A /* d8.png */,
			);
			name = dizzy;
			sourceTree = "<group>";
		};
		F555DE1219610C0800E0841A /* dead */ = {
			isa = PBXGroup;
			children = (
				F555DE0219610BF300E0841A /* g1.png */,
				F555DE0319610BF300E0841A /* g2.png */,
				F555DE0419610BF300E0841A /* g3.png */,
				F555DE0519610BF300E0841A /* g4.png */,
				F555DE0619610BF300E0841A /* g5.png */,
				F555DE0719610BF300E0841A /* g6.png */,
				F555DE0819610BF300E0841A /* g7.png */,
				F555DE0919610BF300E0841A /* g8.png */,
			);
			name = dead;
			sourceTree = "<group>";
		};
		F555DE1D196134E900E0841A /* smoke */ = {
			isa = PBXGroup;
			children = (
				F555DE13196134DE00E0841A /* s1.png */,
				F555DE14196134DE00E0841A /* s2.png */,
				F555DE15196134DE00E0841A /* s3.png */,
				F555DE16196134DE00E0841A /* s4.png */,
				F555DE17196134DE00E0841A /* s5.png */,
			);
			name = smoke;
			sourceTree = "<group>";
		};
		F574E6D7197CE84E004644D6 /* Shark */ = {
			isa = PBXGroup;
			children = (
				F574E6E4197DEF72004644D6 /* DeadShark.png */,
				F574E6D5197CE81E004644D6 /* Shark9-01.png */,
				F575ED03197CE15E006BE357 /* Shark1-01.png */,
				F575ED04197CE15E006BE357 /* Shark2-01.png */,
				F575ED05197CE15E006BE357 /* Shark3-01.png */,
				F575ED06197CE15E006BE357 /* Shark4-01.png */,
				F575ED07197CE15E006BE357 /* Shark5-01.png */,
				F575ED08197CE15E006BE357 /* Shark6-01.png */,
				F575ED09197CE15E006BE357 /* Shark8-01.png */,
			);
			name = Shark;
			path = ..;
			sourceTree = "<group>";
		};
		F574E6DE197CE89B004644D6 /* Ocean */ = {
			isa = PBXGroup;
			children = (
				F574E6D8197CE892004644D6 /* Ocean1_BG.png */,
				F574E6D9197CE892004644D6 /* Ocean1_FG.png */,
				F574E6DA197CE892004644D6 /* Ocean2.png */,
			);
			name = Ocean;
			sourceTree = "<group>";
		};
		F574E6E1197CF512004644D6 /* Enemies */ = {
			isa = PBXGroup;
			children = (
				F574E6E2197CF819004644D6 /* goldMine.png */,
				F574E6DF197CF505004644D6 /* Chain.png */,
			);
			name = Enemies;
			sourceTree = "<group>";
		};
		F574E6EC197DF7F7004644D6 /* LittleFishes */ = {
			isa = PBXGroup;
			children = (
				F574E6EF197E2B65004644D6 /* MediumFishBrown.png */,
				F574E6F0197E2B65004644D6 /* MediumFishGreen.png */,
				F574E6F1197E2B65004644D6 /* MediumFishPurple.png */,
				F574E6E6197DF7F1004644D6 /* SmallFishGreen.png */,
				F574E6E7197DF7F1004644D6 /* SmallFishRed.png */,
				F574E6E8197DF7F1004644D6 /* SmallFishYellow.png */,
			);
			name = LittleFishes;
			sourceTree = "<group>";
		};
		F5892366197B469C0064C68B /* Bullets */ = {
			isa = PBXGroup;
			children = (
				F5892364197B46920064C68B /* Bullet-A.png */,
				F5892362197B00DD0064C68B /* Bullet-B.png */,
			);
			name = Bullets;
			sourceTree = "<group>";
		};
		F5E844FC19689178007738C6 /* Hover_tap */ = {
			isa = PBXGroup;
			children = (
				F5E844FE196892DB007738C6 /* hover.png */,
				F5E844FF196892DB007738C6 /* tap.png */,
			);
			name = Hover_tap;
			sourceTree = "<group>";
		};
		F5E844FD19689186007738C6 /* East_hard */ = {
			isa = PBXGroup;
			children = (
				F5E844F819687EE7007738C6 /* Easy.png */,
				F5E844F919687EE7007738C6 /* Hard.png */,
			);
			name = East_hard;
			sourceTree = "<group>";
		};
/* End PBXGroup section */

/* Begin PBXNativeTarget section */
		F53CCA68194D2F3B00A9AB63 /* HoverSharky */ = {
			isa = PBXNativeTarget;
			buildConfigurationList = F53CCAA5194D2F3B00A9AB63 /* Build configuration list for PBXNativeTarget "HoverSharky" */;
			buildPhases = (
				F53CCA65194D2F3B00A9AB63 /* Sources */,
				F53CCA66194D2F3B00A9AB63 /* Frameworks */,
				F53CCA67194D2F3B00A9AB63 /* Resources */,
			);
			buildRules = (
			);
			dependencies = (
			);
			name = HoverSharky;
			productName = HoverBird;
			productReference = F53CCA69194D2F3B00A9AB63 /* HoverShark.app */;
			productType = "com.apple.product-type.application";
		};
		F53CCA93194D2F3B00A9AB63 /* HoverSharkTests */ = {
			isa = PBXNativeTarget;
			buildConfigurationList = F53CCAA8194D2F3B00A9AB63 /* Build configuration list for PBXNativeTarget "HoverSharkTests" */;
			buildPhases = (
				F53CCA90194D2F3B00A9AB63 /* Sources */,
				F53CCA91194D2F3B00A9AB63 /* Frameworks */,
				F53CCA92194D2F3B00A9AB63 /* Resources */,
			);
			buildRules = (
			);
			dependencies = (
				F53CCA9A194D2F3B00A9AB63 /* PBXTargetDependency */,
			);
			name = HoverSharkTests;
			productName = HoverBirdTests;
			productReference = F53CCA94194D2F3B00A9AB63 /* HoverSharkTests.xctest */;
			productType = "com.apple.product-type.bundle.unit-test";
		};
/* End PBXNativeTarget section */

/* Begin PBXProject section */
		F53CCA61194D2F3B00A9AB63 /* Project object */ = {
			isa = PBXProject;
			attributes = {
				LastUpgradeCheck = 0510;
				ORGANIZATIONNAME = maadotaa.com;
				TargetAttributes = {
					F53CCA68194D2F3B00A9AB63 = {
						DevelopmentTeam = 876U4BLX5B;
						SystemCapabilities = {
							com.apple.GameCenter = {
								enabled = 1;
							};
						};
					};
					F53CCA93194D2F3B00A9AB63 = {
						TestTargetID = F53CCA68194D2F3B00A9AB63;
					};
				};
			};
			buildConfigurationList = F53CCA64194D2F3B00A9AB63 /* Build configuration list for PBXProject "HoverShark" */;
			compatibilityVersion = "Xcode 3.2";
			developmentRegion = English;
			hasScannedForEncodings = 0;
			knownRegions = (
				en,
				Base,
			);
			mainGroup = F53CCA60194D2F3B00A9AB63;
			productRefGroup = F53CCA6A194D2F3B00A9AB63 /* Products */;
			projectDirPath = "";
			projectRoot = "";
			targets = (
				F53CCA68194D2F3B00A9AB63 /* HoverSharky */,
				F53CCA93194D2F3B00A9AB63 /* HoverSharkTests */,
			);
		};
/* End PBXProject section */

/* Begin PBXResourcesBuildPhase section */
		F53CCA67194D2F3B00A9AB63 /* Resources */ = {
			isa = PBXResourcesBuildPhase;
			buildActionMask = 2147483647;
			files = (
				F555DE0B19610BF300E0841A /* g2.png in Resources */,
				F57750D2195F9883005205FF /* score.wav in Resources */,
				F555DE0F19610BF300E0841A /* g6.png in Resources */,
				F5E84500196892DB007738C6 /* hover.png in Resources */,
				F555DDFD196103C400E0841A /* d5.png in Resources */,
				F5892370197C420C0064C68B /* column2b.png in Resources */,
				F575ED0F197CE15E006BE357 /* Shark5-01.png in Resources */,
				F574E6E0197CF505004644D6 /* Chain.png in Resources */,
				F51927DB1965084B004D1D5F /* bricks1.png in Resources */,
				F555DE1C196134DE00E0841A /* s5.png in Resources */,
				F574E6F4197E2B65004644D6 /* MediumFishPurple.png in Resources */,
				F5E844FA19687EE7007738C6 /* Easy.png in Resources */,
				F51927D41964CE35004D1D5F /* bricks.png in Resources */,
				F574E6F2197E2B65004644D6 /* MediumFishBrown.png in Resources */,
				F53CCA8F194D2F3B00A9AB63 /* Images.xcassets in Resources */,
				F555DE2D1962802B00E0841A /* grass5.png in Resources */,
				F555DDFF196103C400E0841A /* d7.png in Resources */,
				F53CCA85194D2F3B00A9AB63 /* Main_iPad.storyboard in Resources */,
				F5892378197C857E0064C68B /* bricks_white_up.png in Resources */,
				F555DDFA196103C400E0841A /* d2.png in Resources */,
				F555DE0E19610BF300E0841A /* g5.png in Resources */,
				F5E844FB19687EE7007738C6 /* Hard.png in Resources */,
				F575ED0D197CE15E006BE357 /* Shark3-01.png in Resources */,
				F555DDE91960FCD100E0841A /* a2.png in Resources */,
				F53CCA82194D2F3B00A9AB63 /* Main_iPhone.storyboard in Resources */,
				F574E6DB197CE892004644D6 /* Ocean1_BG.png in Resources */,
				F555DE2B19627EBE00E0841A /* grass.png in Resources */,
				F5354E9A194EC1B20049F406 /* blur1.png in Resources */,
				F555DE1119610BF300E0841A /* g8.png in Resources */,
				F53CCAB5194D33AB00A9AB63 /* Pipe2.png in Resources */,
				F555DE371962899E00E0841A /* ground_flower.png in Resources */,
				F555DDF9196103C400E0841A /* d1.png in Resources */,
				F555DE2F1962806D00E0841A /* grass2.png in Resources */,
				F575ED10197CE15E006BE357 /* Shark6-01.png in Resources */,
				F555DE2919627D6900E0841A /* Skyline_red.png in Resources */,
				F5354EAC195011C60049F406 /* heart.png in Resources */,
				F53CCAB4194D33AB00A9AB63 /* Pipe1.png in Resources */,
				F574E6F3197E2B65004644D6 /* MediumFishGreen.png in Resources */,
				F575ED0E197CE15E006BE357 /* Shark4-01.png in Resources */,
				F53CCAAD194D306D00A9AB63 /* Bird1.png in Resources */,
				F574E6EA197DF7F1004644D6 /* SmallFishRed.png in Resources */,
				F5892368197B70340064C68B /* HoverFlappy_level2.m4a in Resources */,
				F555DDEB1960FCD100E0841A /* a4.png in Resources */,
				F555DE1F1962591300E0841A /* startButton.png in Resources */,
				F575ED11197CE15E006BE357 /* Shark8-01.png in Resources */,
				F51927DC1965084B004D1D5F /* bricks2.png in Resources */,
				F555DE231962742E00E0841A /* organ.wav in Resources */,
				F575ED0B197CE15E006BE357 /* Shark1-01.png in Resources */,
				F555DDFB196103C400E0841A /* d3.png in Resources */,
				F5892363197B00DD0064C68B /* Bullet-B.png in Resources */,
				F555DDEC1960FCD100E0841A /* a5.png in Resources */,
				F555DE0D19610BF300E0841A /* g4.png in Resources */,
				F575ED0C197CE15E006BE357 /* Shark2-01.png in Resources */,
				F555DDE81960FCD100E0841A /* a1.png in Resources */,
				F555DDEE1960FCD100E0841A /* a7.png in Resources */,
				F574E6E3197CF819004644D6 /* goldMine.png in Resources */,
				F589236D197C420C0064C68B /* column_3a.png in Resources */,
				F555DDD619609D8F00E0841A /* Loopy_trimmed.m4a in Resources */,
				F589236E197C420C0064C68B /* column_3b.png in Resources */,
				F574E6D6197CE81E004644D6 /* Shark9-01.png in Resources */,
				F555DE1019610BF300E0841A /* g7.png in Resources */,
				F555DDED1960FCD100E0841A /* a6.png in Resources */,
				F57750DC195F9C84005205FF /*  GameOver.wav in Resources */,
				F574E6E5197DEF72004644D6 /* DeadShark.png in Resources */,
				F574E6DD197CE892004644D6 /* Ocean2.png in Resources */,
				F555DE33196283E900E0841A /* ground3.png in Resources */,
				F57750C9195F25F6005205FF /* whack4.m4a in Resources */,
				F555DE19196134DE00E0841A /* s2.png in Resources */,
				F555DDEA1960FCD100E0841A /* a3.png in Resources */,
				F555DE351962852900E0841A /* grass4.png in Resources */,
				F51927D81964D8F1004D1D5F /* no-music.png in Resources */,
				F51927D61964D388004D1D5F /* music.png in Resources */,
				F5E84536196A17B5007738C6 /* help8-3.png in Resources */,
				F53CCA79194D2F3B00A9AB63 /* InfoPlist.strings in Resources */,
				F555DE251962756800E0841A /* restartButton.png in Resources */,
				F574E6E9197DF7F1004644D6 /* SmallFishGreen.png in Resources */,
				F5892376197C857E0064C68B /* bricks_gray_up.png in Resources */,
				F53CCAAE194D306D00A9AB63 /* Bird2.png in Resources */,
				F555DDFC196103C400E0841A /* d4.png in Resources */,
				F555DE18196134DE00E0841A /* s1.png in Resources */,
				F555DE0A19610BF300E0841A /* g1.png in Resources */,
				F555DDFE196103C400E0841A /* d6.png in Resources */,
				F53CCAB3194D33AB00A9AB63 /* Ground.png in Resources */,
				F555DE1B196134DE00E0841A /* s4.png in Resources */,
				F574E6DC197CE892004644D6 /* Ocean1_FG.png in Resources */,
				F5E84501196892DB007738C6 /* tap.png in Resources */,
				F555DE0C19610BF300E0841A /* g3.png in Resources */,
				F555DE00196103C400E0841A /* d8.png in Resources */,
				F555DE31196282CE00E0841A /* Ground1.png in Resources */,
				F5892377197C857E0064C68B /* bricks_white_down.png in Resources */,
				F555DDD4195F9E2A00E0841A /* game_over.wav in Resources */,
				F555DDEF1960FCD100E0841A /* a8.png in Resources */,
				F5892365197B46920064C68B /* Bullet-A.png in Resources */,
				F574E6EB197DF7F1004644D6 /* SmallFishYellow.png in Resources */,
				F574E6EE197E24F8004644D6 /* Torpedo.png in Resources */,
				F53CCAB6194D33AB00A9AB63 /* Skyline.png in Resources */,
				F589236F197C420C0064C68B /* column2a.png in Resources */,
				F555DE1A196134DE00E0841A /* s3.png in Resources */,
				F5892375197C857E0064C68B /* bricks_gray_down.png in Resources */,
			);
			runOnlyForDeploymentPostprocessing = 0;
		};
		F53CCA92194D2F3B00A9AB63 /* Resources */ = {
			isa = PBXResourcesBuildPhase;
			buildActionMask = 2147483647;
			files = (
				F53CCAA0194D2F3B00A9AB63 /* InfoPlist.strings in Resources */,
			);
			runOnlyForDeploymentPostprocessing = 0;
		};
/* End PBXResourcesBuildPhase section */

/* Begin PBXSourcesBuildPhase section */
		F53CCA65194D2F3B00A9AB63 /* Sources */ = {
			isa = PBXSourcesBuildPhase;
			buildActionMask = 2147483647;
			files = (
				F53CCA8B194D2F3B00A9AB63 /* MyScene.m in Sources */,
				F5D56B10194E89D30063D43A /* ScoresViewController.m in Sources */,
				F57750CC195F2D72005205FF /* DateScore.m in Sources */,
				F5354EA7194FE3510049F406 /* UIImage+ImageEffects.m in Sources */,
				F53CCA88194D2F3B00A9AB63 /* ViewController.m in Sources */,
				F53CCA7F194D2F3B00A9AB63 /* AppDelegate.m in Sources */,
				F5E84530196A129D007738C6 /* HelpVideoVCViewController.m in Sources */,
				F53CCA7B194D2F3B00A9AB63 /* main.m in Sources */,
			);
			runOnlyForDeploymentPostprocessing = 0;
		};
		F53CCA90194D2F3B00A9AB63 /* Sources */ = {
			isa = PBXSourcesBuildPhase;
			buildActionMask = 2147483647;
			files = (
				F53CCAA2194D2F3B00A9AB63 /* HoverBirdTests.m in Sources */,
			);
			runOnlyForDeploymentPostprocessing = 0;
		};
/* End PBXSourcesBuildPhase section */

/* Begin PBXTargetDependency section */
		F53CCA9A194D2F3B00A9AB63 /* PBXTargetDependency */ = {
			isa = PBXTargetDependency;
			target = F53CCA68194D2F3B00A9AB63 /* HoverSharky */;
			targetProxy = F53CCA99194D2F3B00A9AB63 /* PBXContainerItemProxy */;
		};
/* End PBXTargetDependency section */

/* Begin PBXVariantGroup section */
		F53CCA77194D2F3B00A9AB63 /* InfoPlist.strings */ = {
			isa = PBXVariantGroup;
			children = (
				F53CCA78194D2F3B00A9AB63 /* en */,
			);
			name = InfoPlist.strings;
			sourceTree = "<group>";
		};
		F53CCA80194D2F3B00A9AB63 /* Main_iPhone.storyboard */ = {
			isa = PBXVariantGroup;
			children = (
				F53CCA81194D2F3B00A9AB63 /* Base */,
			);
			name = Main_iPhone.storyboard;
			sourceTree = "<group>";
		};
		F53CCA83194D2F3B00A9AB63 /* Main_iPad.storyboard */ = {
			isa = PBXVariantGroup;
			children = (
				F53CCA84194D2F3B00A9AB63 /* Base */,
			);
			name = Main_iPad.storyboard;
			sourceTree = "<group>";
		};
		F53CCA9E194D2F3B00A9AB63 /* InfoPlist.strings */ = {
			isa = PBXVariantGroup;
			children = (
				F53CCA9F194D2F3B00A9AB63 /* en */,
			);
			name = InfoPlist.strings;
			sourceTree = "<group>";
		};
/* End PBXVariantGroup section */

/* Begin XCBuildConfiguration section */
		F53CCAA3194D2F3B00A9AB63 /* Debug */ = {
			isa = XCBuildConfiguration;
			buildSettings = {
				ALWAYS_SEARCH_USER_PATHS = NO;
				CLANG_CXX_LANGUAGE_STANDARD = "gnu++0x";
				CLANG_CXX_LIBRARY = "libc++";
				CLANG_ENABLE_MODULES = YES;
				CLANG_ENABLE_OBJC_ARC = YES;
				CLANG_WARN_BOOL_CONVERSION = YES;
				CLANG_WARN_CONSTANT_CONVERSION = YES;
				CLANG_WARN_DIRECT_OBJC_ISA_USAGE = YES_ERROR;
				CLANG_WARN_EMPTY_BODY = YES;
				CLANG_WARN_ENUM_CONVERSION = YES;
				CLANG_WARN_INT_CONVERSION = YES;
				CLANG_WARN_OBJC_ROOT_CLASS = YES_ERROR;
				CLANG_WARN__DUPLICATE_METHOD_MATCH = YES;
				"CODE_SIGN_IDENTITY[sdk=iphoneos*]" = "iPhone Developer";
				COPY_PHASE_STRIP = NO;
				GCC_C_LANGUAGE_STANDARD = gnu99;
				GCC_DYNAMIC_NO_PIC = NO;
				GCC_OPTIMIZATION_LEVEL = 0;
				GCC_PREPROCESSOR_DEFINITIONS = (
					"DEBUG=1",
					"$(inherited)",
				);
				GCC_SYMBOLS_PRIVATE_EXTERN = NO;
				GCC_WARN_64_TO_32_BIT_CONVERSION = YES;
				GCC_WARN_ABOUT_RETURN_TYPE = YES_ERROR;
				GCC_WARN_UNDECLARED_SELECTOR = YES;
				GCC_WARN_UNINITIALIZED_AUTOS = YES_AGGRESSIVE;
				GCC_WARN_UNUSED_FUNCTION = YES;
				GCC_WARN_UNUSED_VARIABLE = YES;
				IPHONEOS_DEPLOYMENT_TARGET = 7.1;
				ONLY_ACTIVE_ARCH = YES;
				SDKROOT = iphoneos;
				TARGETED_DEVICE_FAMILY = "1,2";
			};
			name = Debug;
		};
		F53CCAA4194D2F3B00A9AB63 /* Release */ = {
			isa = XCBuildConfiguration;
			buildSettings = {
				ALWAYS_SEARCH_USER_PATHS = NO;
				CLANG_CXX_LANGUAGE_STANDARD = "gnu++0x";
				CLANG_CXX_LIBRARY = "libc++";
				CLANG_ENABLE_MODULES = YES;
				CLANG_ENABLE_OBJC_ARC = YES;
				CLANG_WARN_BOOL_CONVERSION = YES;
				CLANG_WARN_CONSTANT_CONVERSION = YES;
				CLANG_WARN_DIRECT_OBJC_ISA_USAGE = YES_ERROR;
				CLANG_WARN_EMPTY_BODY = YES;
				CLANG_WARN_ENUM_CONVERSION = YES;
				CLANG_WARN_INT_CONVERSION = YES;
				CLANG_WARN_OBJC_ROOT_CLASS = YES_ERROR;
				CLANG_WARN__DUPLICATE_METHOD_MATCH = YES;
				"CODE_SIGN_IDENTITY[sdk=iphoneos*]" = "iPhone Developer";
				COPY_PHASE_STRIP = YES;
				ENABLE_NS_ASSERTIONS = NO;
				GCC_C_LANGUAGE_STANDARD = gnu99;
				GCC_WARN_64_TO_32_BIT_CONVERSION = YES;
				GCC_WARN_ABOUT_RETURN_TYPE = YES_ERROR;
				GCC_WARN_UNDECLARED_SELECTOR = YES;
				GCC_WARN_UNINITIALIZED_AUTOS = YES_AGGRESSIVE;
				GCC_WARN_UNUSED_FUNCTION = YES;
				GCC_WARN_UNUSED_VARIABLE = YES;
				IPHONEOS_DEPLOYMENT_TARGET = 7.1;
				SDKROOT = iphoneos;
				TARGETED_DEVICE_FAMILY = "1,2";
				VALIDATE_PRODUCT = YES;
			};
			name = Release;
		};
		F53CCAA6194D2F3B00A9AB63 /* Debug */ = {
			isa = XCBuildConfiguration;
			buildSettings = {
				ASSETCATALOG_COMPILER_APPICON_NAME = AppIcon;
				ASSETCATALOG_COMPILER_LAUNCHIMAGE_NAME = LaunchImage;
				CLANG_ALLOW_NON_MODULAR_INCLUDES_IN_FRAMEWORK_MODULES = NO;
				CODE_SIGN_IDENTITY = "iPhone Developer";
				"CODE_SIGN_IDENTITY[sdk=iphoneos*]" = "iPhone Developer";
				FRAMEWORK_SEARCH_PATHS = (
					"$(inherited)",
					"$(PROJECT_DIR)",
				);
				GCC_INPUT_FILETYPE = sourcecode.cpp.objcpp;
				GCC_PRECOMPILE_PREFIX_HEADER = YES;
				GCC_PREFIX_HEADER = "HoverBird/HoverShark-Prefix.pch";
				INFOPLIST_FILE = "HoverBird/HoverShark-Info.plist";
				IPHONEOS_DEPLOYMENT_TARGET = 7.1;
				PRODUCT_NAME = HoverShark;
				PROVISIONING_PROFILE = "";
				SPRITEKIT_TEXTURE_ATLAS_OUTPUT = YES;
				WRAPPER_EXTENSION = app;
			};
			name = Debug;
		};
		F53CCAA7194D2F3B00A9AB63 /* Release */ = {
			isa = XCBuildConfiguration;
			buildSettings = {
				ASSETCATALOG_COMPILER_APPICON_NAME = AppIcon;
				ASSETCATALOG_COMPILER_LAUNCHIMAGE_NAME = LaunchImage;
				CLANG_ALLOW_NON_MODULAR_INCLUDES_IN_FRAMEWORK_MODULES = NO;
				CODE_SIGN_IDENTITY = "iPhone Developer";
				"CODE_SIGN_IDENTITY[sdk=iphoneos*]" = "iPhone Developer";
				FRAMEWORK_SEARCH_PATHS = (
					"$(inherited)",
					"$(PROJECT_DIR)",
				);
				GCC_INPUT_FILETYPE = sourcecode.cpp.objcpp;
				GCC_PRECOMPILE_PREFIX_HEADER = YES;
				GCC_PREFIX_HEADER = "HoverBird/HoverShark-Prefix.pch";
				INFOPLIST_FILE = "HoverBird/HoverShark-Info.plist";
				IPHONEOS_DEPLOYMENT_TARGET = 7.1;
				PRODUCT_NAME = HoverShark;
				PROVISIONING_PROFILE = "";
				SPRITEKIT_TEXTURE_ATLAS_OUTPUT = YES;
				WRAPPER_EXTENSION = app;
			};
			name = Release;
		};
		F53CCAA9194D2F3B00A9AB63 /* Debug */ = {
			isa = XCBuildConfiguration;
			buildSettings = {
				BUNDLE_LOADER = "$(BUILT_PRODUCTS_DIR)/HoverBird.app/HoverBird";
				FRAMEWORK_SEARCH_PATHS = (
					"$(SDKROOT)/Developer/Library/Frameworks",
					"$(inherited)",
					"$(DEVELOPER_FRAMEWORKS_DIR)",
				);
				GCC_PRECOMPILE_PREFIX_HEADER = YES;
				GCC_PREFIX_HEADER = "HoverBird/HoverBird-Prefix.pch";
				GCC_PREPROCESSOR_DEFINITIONS = (
					"DEBUG=1",
					"$(inherited)",
				);
				INFOPLIST_FILE = "HoverBirdTests/HoverSharkTests-Info.plist";
				PRODUCT_NAME = HoverSharkTests;
				TEST_HOST = "$(BUNDLE_LOADER)";
				WRAPPER_EXTENSION = xctest;
			};
			name = Debug;
		};
		F53CCAAA194D2F3B00A9AB63 /* Release */ = {
			isa = XCBuildConfiguration;
			buildSettings = {
				BUNDLE_LOADER = "$(BUILT_PRODUCTS_DIR)/HoverBird.app/HoverBird";
				FRAMEWORK_SEARCH_PATHS = (
					"$(SDKROOT)/Developer/Library/Frameworks",
					"$(inherited)",
					"$(DEVELOPER_FRAMEWORKS_DIR)",
				);
				GCC_PRECOMPILE_PREFIX_HEADER = YES;
				GCC_PREFIX_HEADER = "HoverBird/HoverBird-Prefix.pch";
				INFOPLIST_FILE = "HoverBirdTests/HoverSharkTests-Info.plist";
				PRODUCT_NAME = HoverSharkTests;
				TEST_HOST = "$(BUNDLE_LOADER)";
				WRAPPER_EXTENSION = xctest;
			};
			name = Release;
		};
/* End XCBuildConfiguration section */

/* Begin XCConfigurationList section */
		F53CCA64194D2F3B00A9AB63 /* Build configuration list for PBXProject "HoverShark" */ = {
			isa = XCConfigurationList;
			buildConfigurations = (
				F53CCAA3194D2F3B00A9AB63 /* Debug */,
				F53CCAA4194D2F3B00A9AB63 /* Release */,
			);
			defaultConfigurationIsVisible = 0;
			defaultConfigurationName = Release;
		};
		F53CCAA5194D2F3B00A9AB63 /* Build configuration list for PBXNativeTarget "HoverSharky" */ = {
			isa = XCConfigurationList;
			buildConfigurations = (
				F53CCAA6194D2F3B00A9AB63 /* Debug */,
				F53CCAA7194D2F3B00A9AB63 /* Release */,
			);
			defaultConfigurationIsVisible = 0;
			defaultConfigurationName = Release;
		};
		F53CCAA8194D2F3B00A9AB63 /* Build configuration list for PBXNativeTarget "HoverSharkTests" */ = {
			isa = XCConfigurationList;
			buildConfigurations = (
				F53CCAA9194D2F3B00A9AB63 /* Debug */,
				F53CCAAA194D2F3B00A9AB63 /* Release */,
			);
			defaultConfigurationIsVisible = 0;
			defaultConfigurationName = Release;
		};
/* End XCConfigurationList section */
	};
	rootObject = F53CCA61194D2F3B00A9AB63 /* Project object */;
}
